
Microsoft Visual Studio Solution File, Format Version 12.00
# Visual Studio Version 16
VisualStudioVersion = 16.0.29311.281
MinimumVisualStudioVersion = 10.0.40219.1
Project("{9A19103F-16F7-4668-BE54-9A1E7A4F7556}") = "API", "API\API.csproj", "{E8E2B70C-254C-49BF-B282-8E9FC927EF11}"
EndProject
Project("{2150E333-8FDC-42A3-9474-1A3956D46DE8}") = "Layer Business", "Layer Business", "{BEFC44FE-FFC4-49F4-A4F7-6F734C77A86B}"
EndProject
Project("{2150E333-8FDC-42A3-9474-1A3956D46DE8}") = "Layer Api", "Layer Api", "{E1849A36-D3F2-4B84-802A-36A59803FE91}"
EndProject
Project("{2150E333-8FDC-42A3-9474-1A3956D46DE8}") = "Common", "Common", "{FE592766-D0C0-4033-AC3B-74841B99BCD6}"
EndProject
Project("{9A19103F-16F7-4668-BE54-9A1E7A4F7556}") = "Entities", "Entities\Entities.csproj", "{295A42A3-88E0-4180-8433-26A646161009}"
EndProject
Project("{9A19103F-16F7-4668-BE54-9A1E7A4F7556}") = "BusinessRules", "BusinessRules\BusinessRules.csproj", "{2322B60B-057E-43E2-8E06-5D496FB88189}"
EndProject
Project("{2150E333-8FDC-42A3-9474-1A3956D46DE8}") = "Layer Data", "Layer Data", "{51791E27-1F27-4FE8-BB0D-66962BA3CD91}"
EndProject
Project("{9A19103F-16F7-4668-BE54-9A1E7A4F7556}") = "DataAccess", "DataAccess\DataAccess.csproj", "{50A358B7-23C2-4B54-B3D8-BD37F7394611}"
EndProject
Project("{FAE04EC0-301F-11D3-BF4B-00C04F79EFBC}") = "Utilities", "Utilities\Utilities.csproj", "{1F97FFBE-37DB-4E13-820C-6FBF79D93F80}"
EndProject
Global
	GlobalSection(SolutionConfigurationPlatforms) = preSolution
		Azure|Any CPU = Azure|Any CPU
		Azure|x86 = Azure|x86
		DataBase|Any CPU = DataBase|Any CPU
		DataBase|x86 = DataBase|x86
		Debug|Any CPU = Debug|Any CPU
		Debug|x86 = Debug|x86
		Release|Any CPU = Release|Any CPU
		Release|x86 = Release|x86
	EndGlobalSection
	GlobalSection(ProjectConfigurationPlatforms) = postSolution
		{E8E2B70C-254C-49BF-B282-8E9FC927EF11}.Azure|Any CPU.ActiveCfg = Azure|Any CPU
		{E8E2B70C-254C-49BF-B282-8E9FC927EF11}.Azure|Any CPU.Build.0 = Azure|Any CPU
		{E8E2B70C-254C-49BF-B282-8E9FC927EF11}.Azure|x86.ActiveCfg = Azure|Any CPU
		{E8E2B70C-254C-49BF-B282-8E9FC927EF11}.Azure|x86.Build.0 = Azure|Any CPU
		{E8E2B70C-254C-49BF-B282-8E9FC927EF11}.DataBase|Any CPU.ActiveCfg = DataBase|Any CPU
		{E8E2B70C-254C-49BF-B282-8E9FC927EF11}.DataBase|x86.ActiveCfg = DataBase|Any CPU
		{E8E2B70C-254C-49BF-B282-8E9FC927EF11}.DataBase|x86.Build.0 = DataBase|Any CPU
		{E8E2B70C-254C-49BF-B282-8E9FC927EF11}.Debug|Any CPU.ActiveCfg = Debug|Any CPU
		{E8E2B70C-254C-49BF-B282-8E9FC927EF11}.Debug|Any CPU.Build.0 = Debug|Any CPU
		{E8E2B70C-254C-49BF-B282-8E9FC927EF11}.Debug|x86.ActiveCfg = Debug|Any CPU
		{E8E2B70C-254C-49BF-B282-8E9FC927EF11}.Debug|x86.Build.0 = Debug|Any CPU
		{E8E2B70C-254C-49BF-B282-8E9FC927EF11}.Release|Any CPU.ActiveCfg = Release|Any CPU
		{E8E2B70C-254C-49BF-B282-8E9FC927EF11}.Release|Any CPU.Build.0 = Release|Any CPU
		{E8E2B70C-254C-49BF-B282-8E9FC927EF11}.Release|x86.ActiveCfg = Release|Any CPU
		{E8E2B70C-254C-49BF-B282-8E9FC927EF11}.Release|x86.Build.0 = Release|Any CPU
		{295A42A3-88E0-4180-8433-26A646161009}.Azure|Any CPU.ActiveCfg = Azure|Any CPU
		{295A42A3-88E0-4180-8433-26A646161009}.Azure|Any CPU.Build.0 = Azure|Any CPU
		{295A42A3-88E0-4180-8433-26A646161009}.Azure|x86.ActiveCfg = Azure|Any CPU
		{295A42A3-88E0-4180-8433-26A646161009}.Azure|x86.Build.0 = Azure|Any CPU
		{295A42A3-88E0-4180-8433-26A646161009}.DataBase|Any CPU.ActiveCfg = DataBase|Any CPU
		{295A42A3-88E0-4180-8433-26A646161009}.DataBase|x86.ActiveCfg = DataBase|Any CPU
		{295A42A3-88E0-4180-8433-26A646161009}.DataBase|x86.Build.0 = DataBase|Any CPU
		{295A42A3-88E0-4180-8433-26A646161009}.Debug|Any CPU.ActiveCfg = Debug|Any CPU
		{295A42A3-88E0-4180-8433-26A646161009}.Debug|Any CPU.Build.0 = Debug|Any CPU
		{295A42A3-88E0-4180-8433-26A646161009}.Debug|x86.ActiveCfg = Debug|Any CPU
		{295A42A3-88E0-4180-8433-26A646161009}.Debug|x86.Build.0 = Debug|Any CPU
		{295A42A3-88E0-4180-8433-26A646161009}.Release|Any CPU.ActiveCfg = Release|Any CPU
		{295A42A3-88E0-4180-8433-26A646161009}.Release|Any CPU.Build.0 = Release|Any CPU
		{295A42A3-88E0-4180-8433-26A646161009}.Release|x86.ActiveCfg = Release|Any CPU
		{295A42A3-88E0-4180-8433-26A646161009}.Release|x86.Build.0 = Release|Any CPU
		{2322B60B-057E-43E2-8E06-5D496FB88189}.Azure|Any CPU.ActiveCfg = Azure|Any CPU
		{2322B60B-057E-43E2-8E06-5D496FB88189}.Azure|Any CPU.Build.0 = Azure|Any CPU
		{2322B60B-057E-43E2-8E06-5D496FB88189}.Azure|x86.ActiveCfg = Azure|Any CPU
		{2322B60B-057E-43E2-8E06-5D496FB88189}.Azure|x86.Build.0 = Azure|Any CPU
		{2322B60B-057E-43E2-8E06-5D496FB88189}.DataBase|Any CPU.ActiveCfg = DataBase|Any CPU
		{2322B60B-057E-43E2-8E06-5D496FB88189}.DataBase|x86.ActiveCfg = DataBase|Any CPU
		{2322B60B-057E-43E2-8E06-5D496FB88189}.DataBase|x86.Build.0 = DataBase|Any CPU
		{2322B60B-057E-43E2-8E06-5D496FB88189}.Debug|Any CPU.ActiveCfg = Debug|Any CPU
		{2322B60B-057E-43E2-8E06-5D496FB88189}.Debug|Any CPU.Build.0 = Debug|Any CPU
		{2322B60B-057E-43E2-8E06-5D496FB88189}.Debug|x86.ActiveCfg = Debug|Any CPU
		{2322B60B-057E-43E2-8E06-5D496FB88189}.Debug|x86.Build.0 = Debug|Any CPU
		{2322B60B-057E-43E2-8E06-5D496FB88189}.Release|Any CPU.ActiveCfg = Release|Any CPU
		{2322B60B-057E-43E2-8E06-5D496FB88189}.Release|Any CPU.Build.0 = Release|Any CPU
		{2322B60B-057E-43E2-8E06-5D496FB88189}.Release|x86.ActiveCfg = Release|Any CPU
		{2322B60B-057E-43E2-8E06-5D496FB88189}.Release|x86.Build.0 = Release|Any CPU
		{50A358B7-23C2-4B54-B3D8-BD37F7394611}.Azure|Any CPU.ActiveCfg = Azure|Any CPU
		{50A358B7-23C2-4B54-B3D8-BD37F7394611}.Azure|Any CPU.Build.0 = Azure|Any CPU
		{50A358B7-23C2-4B54-B3D8-BD37F7394611}.Azure|x86.ActiveCfg = Azure|Any CPU
		{50A358B7-23C2-4B54-B3D8-BD37F7394611}.Azure|x86.Build.0 = Azure|Any CPU
		{50A358B7-23C2-4B54-B3D8-BD37F7394611}.DataBase|Any CPU.ActiveCfg = DataBase|Any CPU
		{50A358B7-23C2-4B54-B3D8-BD37F7394611}.DataBase|Any CPU.Build.0 = DataBase|Any CPU
		{50A358B7-23C2-4B54-B3D8-BD37F7394611}.DataBase|x86.ActiveCfg = DataBase|Any CPU
		{50A358B7-23C2-4B54-B3D8-BD37F7394611}.DataBase|x86.Build.0 = DataBase|Any CPU
		{50A358B7-23C2-4B54-B3D8-BD37F7394611}.Debug|Any CPU.ActiveCfg = Debug|Any CPU
		{50A358B7-23C2-4B54-B3D8-BD37F7394611}.Debug|Any CPU.Build.0 = Debug|Any CPU
		{50A358B7-23C2-4B54-B3D8-BD37F7394611}.Debug|x86.ActiveCfg = Debug|Any CPU
		{50A358B7-23C2-4B54-B3D8-BD37F7394611}.Debug|x86.Build.0 = Debug|Any CPU
		{50A358B7-23C2-4B54-B3D8-BD37F7394611}.Release|Any CPU.ActiveCfg = Release|Any CPU
		{50A358B7-23C2-4B54-B3D8-BD37F7394611}.Release|Any CPU.Build.0 = Release|Any CPU
		{50A358B7-23C2-4B54-B3D8-BD37F7394611}.Release|x86.ActiveCfg = Release|Any CPU
		{50A358B7-23C2-4B54-B3D8-BD37F7394611}.Release|x86.Build.0 = Release|Any CPU
		{1F97FFBE-37DB-4E13-820C-6FBF79D93F80}.Azure|Any CPU.ActiveCfg = Debug|Any CPU
		{1F97FFBE-37DB-4E13-820C-6FBF79D93F80}.Azure|Any CPU.Build.0 = Debug|Any CPU
		{1F97FFBE-37DB-4E13-820C-6FBF79D93F80}.Azure|x86.ActiveCfg = Debug|Any CPU
		{1F97FFBE-37DB-4E13-820C-6FBF79D93F80}.Azure|x86.Build.0 = Debug|Any CPU
		{1F97FFBE-37DB-4E13-820C-6FBF79D93F80}.DataBase|Any CPU.ActiveCfg = Debug|Any CPU
		{1F97FFBE-37DB-4E13-820C-6FBF79D93F80}.DataBase|Any CPU.Build.0 = Debug|Any CPU
		{1F97FFBE-37DB-4E13-820C-6FBF79D93F80}.DataBase|x86.ActiveCfg = Debug|Any CPU
		{1F97FFBE-37DB-4E13-820C-6FBF79D93F80}.DataBase|x86.Build.0 = Debug|Any CPU
		{1F97FFBE-37DB-4E13-820C-6FBF79D93F80}.Debug|Any CPU.ActiveCfg = Debug|Any CPU
		{1F97FFBE-37DB-4E13-820C-6FBF79D93F80}.Debug|Any CPU.Build.0 = Debug|Any CPU
		{1F97FFBE-37DB-4E13-820C-6FBF79D93F80}.Debug|x86.ActiveCfg = Debug|Any CPU
		{1F97FFBE-37DB-4E13-820C-6FBF79D93F80}.Debug|x86.Build.0 = Debug|Any CPU
		{1F97FFBE-37DB-4E13-820C-6FBF79D93F80}.Release|Any CPU.ActiveCfg = Release|Any CPU
		{1F97FFBE-37DB-4E13-820C-6FBF79D93F80}.Release|Any CPU.Build.0 = Release|Any CPU
		{1F97FFBE-37DB-4E13-820C-6FBF79D93F80}.Release|x86.ActiveCfg = Release|Any CPU
		{1F97FFBE-37DB-4E13-820C-6FBF79D93F80}.Release|x86.Build.0 = Release|Any CPU
	EndGlobalSection
	GlobalSection(SolutionProperties) = preSolution
		HideSolutionNode = FALSE
	EndGlobalSection
	GlobalSection(NestedProjects) = preSolution
		{E8E2B70C-254C-49BF-B282-8E9FC927EF11} = {E1849A36-D3F2-4B84-802A-36A59803FE91}
		{295A42A3-88E0-4180-8433-26A646161009} = {FE592766-D0C0-4033-AC3B-74841B99BCD6}
		{2322B60B-057E-43E2-8E06-5D496FB88189} = {BEFC44FE-FFC4-49F4-A4F7-6F734C77A86B}
		{50A358B7-23C2-4B54-B3D8-BD37F7394611} = {51791E27-1F27-4FE8-BB0D-66962BA3CD91}
		{1F97FFBE-37DB-4E13-820C-6FBF79D93F80} = {FE592766-D0C0-4033-AC3B-74841B99BCD6}
	EndGlobalSection
	GlobalSection(ExtensibilityGlobals) = postSolution
		SolutionGuid = {ACFD1CBD-55D4-4742-BA97-F3E0B9C33B9F}
	EndGlobalSection
EndGlobal
